
Microsoft Visual Studio Solution File, Format Version 11.00
# Visual Studio 2010
# SharpDevelop 4.2.1.8805
Project("{F184B08F-C81C-45F6-A57F-5ABD9991F28F}") = "CVIGen", "CVIGen.vbproj", "{B93D223B-4CC5-4131-BB81-3E3A625DB07B}"
EndProject
Global
	GlobalSection(SolutionConfigurationPlatforms) = preSolution
		Debug|x86 = Debug|x86
		Release|x86 = Release|x86
	EndGlobalSection
	GlobalSection(ProjectConfigurationPlatforms) = postSolution
		{B93D223B-4CC5-4131-BB81-3E3A625DB07B}.Debug|x86.Build.0 = Debug|x86
		{B93D223B-4CC5-4131-BB81-3E3A625DB07B}.Debug|x86.ActiveCfg = Debug|x86
		{B93D223B-4CC5-4131-BB81-3E3A625DB07B}.Release|x86.Build.0 = Release|x86
		{B93D223B-4CC5-4131-BB81-3E3A625DB07B}.Release|x86.ActiveCfg = Release|x86
	EndGlobalSection
EndGlobal
